<?xml version="1.0" encoding="utf-8"?>
<Project ToolsVersion="4.0" xmlns="http://schemas.microsoft.com/developer/msbuild/2003">
  <ItemGroup>
    <ClCompile Include="BasicNode.cpp" />
    <ClCompile Include="CustomException.cpp" />
    <ClCompile Include="HashTableOfMainNodes.cpp" />
    <ClCompile Include="HashTableOfTrees.cpp" />
    <ClCompile Include="Node_SubPizza.cpp" />
    <ClCompile Include="Neighbourhood.cpp" />
    <ClCompile Include="Node_MainPizza.cpp" />
    <ClCompile Include="Pizza_finder.cpp" />
    <ClCompile Include="Point.cpp" />
    <ClCompile Include="TwoDTree.cpp" />
    <ClCompile Include="UndoList.cpp" />
    <ClCompile Include="UndoNode.cpp" />
  </ItemGroup>
  <ItemGroup>
    <ClInclude Include="BasicNode.h" />
    <ClInclude Include="CustomException.h" />
    <ClInclude Include="HashTableOfMainNodes.h" />
    <ClInclude Include="HashTableOfTrees.h" />
    <ClInclude Include="Node_SubPizza.h" />
    <ClInclude Include="Neighbourhood.h" />
    <ClInclude Include="Node_MainPizza.h" />
    <ClInclude Include="Point.h" />
    <ClInclude Include="TwoDTree.h" />
    <ClInclude Include="UndoList.h" />
    <ClInclude Include="UndoNode.h" />
    <ClInclude Include="ConsoleColor.h" />
  </ItemGroup>
</Project>